
Microsoft Visual Studio Solution File, Format Version 12.00
# Visual Studio 15
VisualStudioVersion = 15.0.27130.2027
MinimumVisualStudioVersion = 10.0.40219.1
Project("{FAE04EC0-301F-11D3-BF4B-00C04F79EFBC}") = "Lab04", "Lab04\Lab04.csproj", "{EB0E7055-0630-4633-9D55-CBB04B4FE08B}"
EndProject
Global
	GlobalSection(SolutionConfigurationPlatforms) = preSolution
		Debug|Any CPU = Debug|Any CPU
		Release|Any CPU = Release|Any CPU
	EndGlobalSection
	GlobalSection(ProjectConfigurationPlatforms) = postSolution
		{EB0E7055-0630-4633-9D55-CBB04B4FE08B}.Debug|Any CPU.ActiveCfg = Debug|Any CPU
		{EB0E7055-0630-4633-9D55-CBB04B4FE08B}.Debug|Any CPU.Build.0 = Debug|Any CPU
		{EB0E7055-0630-4633-9D55-CBB04B4FE08B}.Release|Any CPU.ActiveCfg = Release|Any CPU
		{EB0E7055-0630-4633-9D55-CBB04B4FE08B}.Release|Any CPU.Build.0 = Release|Any CPU
	EndGlobalSection
	GlobalSection(SolutionProperties) = preSolution
		HideSolutionNode = FALSE
	EndGlobalSection
	GlobalSection(ExtensibilityGlobals) = postSolution
		SolutionGuid = {6BACC687-6F30-4FA0-A7DA-6C40C1CBA40D}
	EndGlobalSection
EndGlobal
